
Microsoft Visual Studio Solution File, Format Version 12.00
# Visual Studio Version 17
VisualStudioVersion = 17.14.36301.6 d17.14
MinimumVisualStudioVersion = 10.0.40219.1
Project("{FAE04EC0-301F-11D3-BF4B-00C04F79EFBC}") = "Dynamic-Form-Builder-Johan", "Dynamic-Form-Builder-Johan.csproj", "{E20081D3-01FF-4DB6-8C0A-93E0E94E92E2}"
EndProject
Global
	GlobalSection(SolutionConfigurationPlatforms) = preSolution
		Debug|Any CPU = Debug|Any CPU
		Release|Any CPU = Release|Any CPU
	EndGlobalSection
	GlobalSection(ProjectConfigurationPlatforms) = postSolution
		{E20081D3-01FF-4DB6-8C0A-93E0E94E92E2}.Debug|Any CPU.ActiveCfg = Debug|Any CPU
		{E20081D3-01FF-4DB6-8C0A-93E0E94E92E2}.Debug|Any CPU.Build.0 = Debug|Any CPU
		{E20081D3-01FF-4DB6-8C0A-93E0E94E92E2}.Release|Any CPU.ActiveCfg = Release|Any CPU
		{E20081D3-01FF-4DB6-8C0A-93E0E94E92E2}.Release|Any CPU.Build.0 = Release|Any CPU
	EndGlobalSection
	GlobalSection(SolutionProperties) = preSolution
		HideSolutionNode = FALSE
	EndGlobalSection
	GlobalSection(ExtensibilityGlobals) = postSolution
		SolutionGuid = {5957FC7B-94C5-4552-8C38-0F34CFB25007}
	EndGlobalSection
EndGlobal
